
Microsoft Visual Studio Solution File, Format Version 12.00
# Visual Studio Version 16
VisualStudioVersion = 16.0.31105.61
MinimumVisualStudioVersion = 10.0.40219.1
Project("{FAE04EC0-301F-11D3-BF4B-00C04F79EFBC}") = "XFUITimeTrackerDesign.Android", "XFUITimeTrackerDesign.Android\XFUITimeTrackerDesign.Android.csproj", "{16F4D79A-4E95-4513-B196-7F7CFC79EB09}"
EndProject
Project("{FAE04EC0-301F-11D3-BF4B-00C04F79EFBC}") = "XFUITimeTrackerDesign.iOS", "XFUITimeTrackerDesign.iOS\XFUITimeTrackerDesign.iOS.csproj", "{2860E036-5A86-477F-AA0F-8897DFEEBB79}"
EndProject
Project("{FAE04EC0-301F-11D3-BF4B-00C04F79EFBC}") = "XFUITimeTrackerDesign", "XFUITimeTrackerDesign\XFUITimeTrackerDesign.csproj", "{27DA719E-B354-4163-85F1-D22720F3AA0D}"
EndProject
Global
	GlobalSection(SolutionConfigurationPlatforms) = preSolution
		Debug|Any CPU = Debug|Any CPU
		Debug|iPhone = Debug|iPhone
		Debug|iPhoneSimulator = Debug|iPhoneSimulator
		Release|Any CPU = Release|Any CPU
		Release|iPhone = Release|iPhone
		Release|iPhoneSimulator = Release|iPhoneSimulator
	EndGlobalSection
	GlobalSection(ProjectConfigurationPlatforms) = postSolution
		{16F4D79A-4E95-4513-B196-7F7CFC79EB09}.Debug|Any CPU.ActiveCfg = Debug|Any CPU
		{16F4D79A-4E95-4513-B196-7F7CFC79EB09}.Debug|Any CPU.Build.0 = Debug|Any CPU
		{16F4D79A-4E95-4513-B196-7F7CFC79EB09}.Debug|Any CPU.Deploy.0 = Debug|Any CPU
		{16F4D79A-4E95-4513-B196-7F7CFC79EB09}.Debug|iPhone.ActiveCfg = Debug|Any CPU
		{16F4D79A-4E95-4513-B196-7F7CFC79EB09}.Debug|iPhone.Build.0 = Debug|Any CPU
		{16F4D79A-4E95-4513-B196-7F7CFC79EB09}.Debug|iPhone.Deploy.0 = Debug|Any CPU
		{16F4D79A-4E95-4513-B196-7F7CFC79EB09}.Debug|iPhoneSimulator.ActiveCfg = Debug|Any CPU
		{16F4D79A-4E95-4513-B196-7F7CFC79EB09}.Debug|iPhoneSimulator.Build.0 = Debug|Any CPU
		{16F4D79A-4E95-4513-B196-7F7CFC79EB09}.Debug|iPhoneSimulator.Deploy.0 = Debug|Any CPU
		{16F4D79A-4E95-4513-B196-7F7CFC79EB09}.Release|Any CPU.ActiveCfg = Release|Any CPU
		{16F4D79A-4E95-4513-B196-7F7CFC79EB09}.Release|Any CPU.Build.0 = Release|Any CPU
		{16F4D79A-4E95-4513-B196-7F7CFC79EB09}.Release|Any CPU.Deploy.0 = Release|Any CPU
		{16F4D79A-4E95-4513-B196-7F7CFC79EB09}.Release|iPhone.ActiveCfg = Release|Any CPU
		{16F4D79A-4E95-4513-B196-7F7CFC79EB09}.Release|iPhone.Build.0 = Release|Any CPU
		{16F4D79A-4E95-4513-B196-7F7CFC79EB09}.Release|iPhone.Deploy.0 = Release|Any CPU
		{16F4D79A-4E95-4513-B196-7F7CFC79EB09}.Release|iPhoneSimulator.ActiveCfg = Release|Any CPU
		{16F4D79A-4E95-4513-B196-7F7CFC79EB09}.Release|iPhoneSimulator.Build.0 = Release|Any CPU
		{16F4D79A-4E95-4513-B196-7F7CFC79EB09}.Release|iPhoneSimulator.Deploy.0 = Release|Any CPU
		{2860E036-5A86-477F-AA0F-8897DFEEBB79}.Debug|Any CPU.ActiveCfg = Debug|iPhone
		{2860E036-5A86-477F-AA0F-8897DFEEBB79}.Debug|Any CPU.Build.0 = Debug|iPhone
		{2860E036-5A86-477F-AA0F-8897DFEEBB79}.Debug|Any CPU.Deploy.0 = Debug|iPhone
		{2860E036-5A86-477F-AA0F-8897DFEEBB79}.Debug|iPhone.ActiveCfg = Debug|iPhone
		{2860E036-5A86-477F-AA0F-8897DFEEBB79}.Debug|iPhone.Build.0 = Debug|iPhone
		{2860E036-5A86-477F-AA0F-8897DFEEBB79}.Debug|iPhone.Deploy.0 = Debug|iPhone
		{2860E036-5A86-477F-AA0F-8897DFEEBB79}.Debug|iPhoneSimulator.ActiveCfg = Debug|iPhoneSimulator
		{2860E036-5A86-477F-AA0F-8897DFEEBB79}.Debug|iPhoneSimulator.Build.0 = Debug|iPhoneSimulator
		{2860E036-5A86-477F-AA0F-8897DFEEBB79}.Debug|iPhoneSimulator.Deploy.0 = Debug|iPhoneSimulator
		{2860E036-5A86-477F-AA0F-8897DFEEBB79}.Release|Any CPU.ActiveCfg = Release|iPhoneSimulator
		{2860E036-5A86-477F-AA0F-8897DFEEBB79}.Release|Any CPU.Build.0 = Release|iPhoneSimulator
		{2860E036-5A86-477F-AA0F-8897DFEEBB79}.Release|Any CPU.Deploy.0 = Release|iPhoneSimulator
		{2860E036-5A86-477F-AA0F-8897DFEEBB79}.Release|iPhone.ActiveCfg = Release|iPhone
		{2860E036-5A86-477F-AA0F-8897DFEEBB79}.Release|iPhone.Build.0 = Release|iPhone
		{2860E036-5A86-477F-AA0F-8897DFEEBB79}.Release|iPhone.Deploy.0 = Release|iPhone
		{2860E036-5A86-477F-AA0F-8897DFEEBB79}.Release|iPhoneSimulator.ActiveCfg = Release|iPhoneSimulator
		{2860E036-5A86-477F-AA0F-8897DFEEBB79}.Release|iPhoneSimulator.Build.0 = Release|iPhoneSimulator
		{2860E036-5A86-477F-AA0F-8897DFEEBB79}.Release|iPhoneSimulator.Deploy.0 = Release|iPhoneSimulator
		{27DA719E-B354-4163-85F1-D22720F3AA0D}.Debug|Any CPU.ActiveCfg = Debug|Any CPU
		{27DA719E-B354-4163-85F1-D22720F3AA0D}.Debug|Any CPU.Build.0 = Debug|Any CPU
		{27DA719E-B354-4163-85F1-D22720F3AA0D}.Debug|Any CPU.Deploy.0 = Debug|Any CPU
		{27DA719E-B354-4163-85F1-D22720F3AA0D}.Debug|iPhone.ActiveCfg = Debug|Any CPU
		{27DA719E-B354-4163-85F1-D22720F3AA0D}.Debug|iPhone.Build.0 = Debug|Any CPU
		{27DA719E-B354-4163-85F1-D22720F3AA0D}.Debug|iPhone.Deploy.0 = Debug|Any CPU
		{27DA719E-B354-4163-85F1-D22720F3AA0D}.Debug|iPhoneSimulator.ActiveCfg = Debug|Any CPU
		{27DA719E-B354-4163-85F1-D22720F3AA0D}.Debug|iPhoneSimulator.Build.0 = Debug|Any CPU
		{27DA719E-B354-4163-85F1-D22720F3AA0D}.Debug|iPhoneSimulator.Deploy.0 = Debug|Any CPU
		{27DA719E-B354-4163-85F1-D22720F3AA0D}.Release|Any CPU.ActiveCfg = Release|Any CPU
		{27DA719E-B354-4163-85F1-D22720F3AA0D}.Release|Any CPU.Build.0 = Release|Any CPU
		{27DA719E-B354-4163-85F1-D22720F3AA0D}.Release|Any CPU.Deploy.0 = Release|Any CPU
		{27DA719E-B354-4163-85F1-D22720F3AA0D}.Release|iPhone.ActiveCfg = Release|Any CPU
		{27DA719E-B354-4163-85F1-D22720F3AA0D}.Release|iPhone.Build.0 = Release|Any CPU
		{27DA719E-B354-4163-85F1-D22720F3AA0D}.Release|iPhone.Deploy.0 = Release|Any CPU
		{27DA719E-B354-4163-85F1-D22720F3AA0D}.Release|iPhoneSimulator.ActiveCfg = Release|Any CPU
		{27DA719E-B354-4163-85F1-D22720F3AA0D}.Release|iPhoneSimulator.Build.0 = Release|Any CPU
		{27DA719E-B354-4163-85F1-D22720F3AA0D}.Release|iPhoneSimulator.Deploy.0 = Release|Any CPU
	EndGlobalSection
	GlobalSection(SolutionProperties) = preSolution
		HideSolutionNode = FALSE
	EndGlobalSection
	GlobalSection(ExtensibilityGlobals) = postSolution
		SolutionGuid = {59C83C68-53EB-4652-8EB3-9F8DACE920E7}
	EndGlobalSection
EndGlobal
